
Microsoft Visual Studio Solution File, Format Version 12.00
# Visual Studio Version 17
VisualStudioVersion = 17.4.33103.184
MinimumVisualStudioVersion = 10.0.40219.1
Project("{FAE04EC0-301F-11D3-BF4B-00C04F79EFBC}") = "DatabaseMeme", "DatabaseMeme\DatabaseMeme.csproj", "{7D04F966-E6A2-4C2D-8255-328E3FC5F2FD}"
EndProject
Global
	GlobalSection(SolutionConfigurationPlatforms) = preSolution
		Debug|Any CPU = Debug|Any CPU
		Release|Any CPU = Release|Any CPU
	EndGlobalSection
	GlobalSection(ProjectConfigurationPlatforms) = postSolution
		{7D04F966-E6A2-4C2D-8255-328E3FC5F2FD}.Debug|Any CPU.ActiveCfg = Debug|Any CPU
		{7D04F966-E6A2-4C2D-8255-328E3FC5F2FD}.Debug|Any CPU.Build.0 = Debug|Any CPU
		{7D04F966-E6A2-4C2D-8255-328E3FC5F2FD}.Release|Any CPU.ActiveCfg = Release|Any CPU
		{7D04F966-E6A2-4C2D-8255-328E3FC5F2FD}.Release|Any CPU.Build.0 = Release|Any CPU
	EndGlobalSection
	GlobalSection(SolutionProperties) = preSolution
		HideSolutionNode = FALSE
	EndGlobalSection
	GlobalSection(ExtensibilityGlobals) = postSolution
		SolutionGuid = {0B7A2B44-ACB1-45C5-A9BD-899BD940499B}
	EndGlobalSection
EndGlobal
